{
  "name": "microcms-sitemap-updater",
  "version": "1.0.0",
  "lockfileVersion": 3,
  "requires": true,
  "packages": {
    "": {
      "name": "microcms-sitemap-updater",
      "version": "1.0.0",
      "license": "ISC",
      "dependencies": {
        "microcms-js-sdk": "^3.1.1"
      }
    },
    "node_modules/async-retry": {
      "version": "1.3.3",
      "resolved": "https://registry.npmjs.org/async-retry/-/async-retry-1.3.3.tgz",
      "integrity": "sha512-wfr/jstw9xNi/0teMHrRW7dsz3Lt5ARhYNZ2ewpadnhaIp5mbALhOAP+EAdsC7t4Z6wqsDVv9+W6gm1Dk9mEyw==",
      "dependencies": {
        "retry": "0.13.1"
      }
    },
    "node_modules/microcms-js-sdk": {
      "version": "3.1.1",
      "resolved": "https://registry.npmjs.org/microcms-js-sdk/-/microcms-js-sdk-3.1.1.tgz",
      "integrity": "sha512-Lh234f+r4dje/1XxWNu4sMrjCrqkMkRoc9wr/WN5wsEngTa0ZLMXLNgZm3e74vw/HHj3ipYSJeCA2HyyguN37w==",
      "dependencies": {
        "async-retry": "^1.3.3"
      },
      "engines": {
        "node": ">=18.0.0"
      }
    },
    "node_modules/retry": {
      "version": "0.13.1",
      "resolved": "https://registry.npmjs.org/retry/-/retry-0.13.1.tgz",
      "integrity": "sha512-XQBQ3I8W1Cge0Seh+6gjj03LbmRFWuoszgK9ooCpwYIrhhoO80pfq4cUkU5DkknwfOfFteRwlZ56PYOGYyFWdg==",
      "engines": {
        "node": ">= 4"
      }
    }
  }
}
